{
  "name": "ajs-homeworks-node",
  "lockfileVersion": 3,
  "requires": true,
  "packages": {
    "": {
      "dependencies": {
        "@maxhugoboss/desktop": "^1.0.0"
      }
    },
    "node_modules/@maxhugoboss/desktop": {
      "version": "1.0.0",
      "resolved": "https://npm.pkg.github.com/download/@maxhugoboss/desktop/1.0.0/0ef31435bdf0c570405da0f433188e532c6733c5",
      "integrity": "sha512-iPVVCl2JytO3EbH8CXwL3pRsJxsIL0rqw1lN+BY8iR1X37yjVQxSUsk+uDDNM3PyWNRs6aiJ4hRsxOh9IsHwJQ=="
    }
  }
}
